// !$*UTF8*$!
{
	archiveVersion = 1;
	classes = {
	};
	objectVersion = 48;
	objects = {

/* Begin PBXBuildFile section */
		604443172033E6A70033597F /* AppDelegate.swift in Sources */ = {isa = PBXBuildFile; fileRef = 604443162033E6A70033597F /* AppDelegate.swift */; };
		604443192033E6A70033597F /* ViewController.swift in Sources */ = {isa = PBXBuildFile; fileRef = 604443182033E6A70033597F /* ViewController.swift */; };
		6044431C2033E6A70033597F /* Main.storyboard in Resources */ = {isa = PBXBuildFile; fileRef = 6044431A2033E6A70033597F /* Main.storyboard */; };
		6044431E2033E6A70033597F /* Assets.xcassets in Resources */ = {isa = PBXBuildFile; fileRef = 6044431D2033E6A70033597F /* Assets.xcassets */; };
		604443212033E6A70033597F /* LaunchScreen.storyboard in Resources */ = {isa = PBXBuildFile; fileRef = 6044431F2033E6A70033597F /* LaunchScreen.storyboard */; };
		604443292033E7B00033597F /* gistfile1.txt in Resources */ = {isa = PBXBuildFile; fileRef = 604443282033E7B00033597F /* gistfile1.txt */; };
/* End PBXBuildFile section */

/* Begin PBXFileReference section */
		604443132033E6A70033597F /* CustomerRecords.app */ = {isa = PBXFileReference; explicitFileType = wrapper.application; includeInIndex = 0; path = CustomerRecords.app; sourceTree = BUILT_PRODUCTS_DIR; };
		604443162033E6A70033597F /* AppDelegate.swift */ = {isa = PBXFileReference; lastKnownFileType = sourcecode.swift; path = AppDelegate.swift; sourceTree = "<group>"; };
		604443182033E6A70033597F /* ViewController.swift */ = {isa = PBXFileReference; lastKnownFileType = sourcecode.swift; path = ViewController.swift; sourceTree = "<group>"; };
		6044431B2033E6A70033597F /* Base */ = {isa = PBXFileReference; lastKnownFileType = file.storyboard; name = Base; path = Base.lproj/Main.storyboard; sourceTree = "<group>"; };
		6044431D2033E6A70033597F /* Assets.xcassets */ = {isa = PBXFileReference; lastKnownFileType = folder.assetcatalog; path = Assets.xcassets; sourceTree = "<group>"; };
		604443202033E6A70033597F /* Base */ = {isa = PBXFileReference; lastKnownFileType = file.storyboard; name = Base; path = Base.lproj/LaunchScreen.storyboard; sourceTree = "<group>"; };
		604443222033E6A70033597F /* Info.plist */ = {isa = PBXFileReference; lastKnownFileType = text.plist.xml; path = Info.plist; sourceTree = "<group>"; };
		604443282033E7B00033597F /* gistfile1.txt */ = {isa = PBXFileReference; fileEncoding = 4; lastKnownFileType = text; path = gistfile1.txt; sourceTree = "<group>"; };
/* End PBXFileReference section */

/* Begin PBXFrameworksBuildPhase section */
		604443102033E6A70033597F /* Frameworks */ = {
			isa = PBXFrameworksBuildPhase;
			buildActionMask = 2147483647;
			files = (
			);
			runOnlyForDeploymentPostprocessing = 0;
		};
/* End PBXFrameworksBuildPhase section */

/* Begin PBXGroup section */
		6044430A2033E6A70033597F = {
			isa = PBXGroup;
			children = (
				604443152033E6A70033597F /* CustomerRecords */,
				604443142033E6A70033597F /* Products */,
			);
			sourceTree = "<group>";
		};
		604443142033E6A70033597F /* Products */ = {
			isa = PBXGroup;
			children = (
				604443132033E6A70033597F /* CustomerRecords.app */,
			);
			name = Products;
			sourceTree = "<group>";
		};
		604443152033E6A70033597F /* CustomerRecords */ = {
			isa = PBXGroup;
			children = (
				604443162033E6A70033597F /* AppDelegate.swift */,
				604443182033E6A70033597F /* ViewController.swift */,
				6044431A2033E6A70033597F /* Main.storyboard */,
				6044431D2033E6A70033597F /* Assets.xcassets */,
				6044431F2033E6A70033597F /* LaunchScreen.storyboard */,
				604443222033E6A70033597F /* Info.plist */,
				6044432A2033E7B90033597F /* Supporting Files */,
			);
			path = CustomerRecords;
			sourceTree = "<group>";
		};
		6044432A2033E7B90033597F /* Supporting Files */ = {
			isa = PBXGroup;
			children = (
				604443282033E7B00033597F /* gistfile1.txt */,
			);
			path = "Supporting Files";
			sourceTree = "<group>";
		};
/* End PBXGroup section */

/* Begin PBXNativeTarget section */
		604443122033E6A70033597F /* CustomerRecords */ = {
			isa = PBXNativeTarget;
			buildConfigurationList = 604443252033E6A70033597F /* Build configuration list for PBXNativeTarget "CustomerRecords" */;
			buildPhases = (
				6044430F2033E6A70033597F /* Sources */,
				604443102033E6A70033597F /* Frameworks */,
				604443112033E6A70033597F /* Resources */,
			);
			buildRules = (
			);
			dependencies = (
			);
			name = CustomerRecords;
			productName = CustomerRecords;
			productReference = 604443132033E6A70033597F /* CustomerRecords.app */;
			productType = "com.apple.product-type.application";
		};
/* End PBXNativeTarget section */

/* Begin PBXProject section */
		6044430B2033E6A70033597F /* Project object */ = {
			isa = PBXProject;
			attributes = {
				LastSwiftUpdateCheck = 0920;
				LastUpgradeCheck = 0920;
				ORGANIZATIONNAME = "Adromil Balais";
				TargetAttributes = {
					604443122033E6A70033597F = {
						CreatedOnToolsVersion = 9.2;
						ProvisioningStyle = Automatic;
					};
				};
			};
			buildConfigurationList = 6044430E2033E6A70033597F /* Build configuration list for PBXProject "CustomerRecords" */;
			compatibilityVersion = "Xcode 8.0";
			developmentRegion = en;
			hasScannedForEncodings = 0;
			knownRegions = (
				en,
				Base,
			);
			mainGroup = 6044430A2033E6A70033597F;
			productRefGroup = 604443142033E6A70033597F /* Products */;
			projectDirPath = "";
			projectRoot = "";
			targets = (
				604443122033E6A70033597F /* CustomerRecords */,
			);
		};
/* End PBXProject section */

/* Begin PBXResourcesBuildPhase section */
		604443112033E6A70033597F /* Resources */ = {
			isa = PBXResourcesBuildPhase;
			buildActionMask = 2147483647;
			files = (
				604443212033E6A70033597F /* LaunchScreen.storyboard in Resources */,
				6044431E2033E6A70033597F /* Assets.xcassets in Resources */,
				6044431C2033E6A70033597F /* Main.storyboard in Resources */,
				604443292033E7B00033597F /* gistfile1.txt in Resources */,
			);
			runOnlyForDeploymentPostprocessing = 0;
		};
/* End PBXResourcesBuildPhase section */

/* Begin PBXSourcesBuildPhase section */
		6044430F2033E6A70033597F /* Sources */ = {
			isa = PBXSourcesBuildPhase;
			buildActionMask = 2147483647;
			files = (
				604443192033E6A70033597F /* ViewController.swift in Sources */,
				604443172033E6A70033597F /* AppDelegate.swift in Sources */,
			);
			runOnlyForDeploymentPostprocessing = 0;
		};
/* End PBXSourcesBuildPhase section */

/* Begin PBXVariantGroup section */
		6044431A2033E6A70033597F /* Main.storyboard */ = {
			isa = PBXVariantGroup;
			children = (
				6044431B2033E6A70033597F /* Base */,
			);
			name = Main.storyboard;
			sourceTree = "<group>";
		};
		6044431F2033E6A70033597F /* LaunchScreen.storyboard */ = {
			isa = PBXVariantGroup;
			children = (
				604443202033E6A70033597F /* Base */,
			);
			name = LaunchScreen.storyboard;
			sourceTree = "<group>";
		};
/* End PBXVariantGroup section */

/* Begin XCBuildConfiguration section */
		604443232033E6A70033597F /* Debug */ = {
			isa = XCBuildConfiguration;
			buildSettings = {
				ALWAYS_SEARCH_USER_PATHS = NO;
				CLANG_ANALYZER_NONNULL = YES;
				CLANG_ANALYZER_NUMBER_OBJECT_CONVERSION = YES_AGGRESSIVE;
				CLANG_CXX_LANGUAGE_STANDARD = "gnu++14";
				CLANG_CXX_LIBRARY = "libc++";
				CLANG_ENABLE_MODULES = YES;
				CLANG_ENABLE_OBJC_ARC = YES;
				CLANG_WARN_BLOCK_CAPTURE_AUTORELEASING = YES;
				CLANG_WARN_BOOL_CONVERSION = YES;
				CLANG_WARN_COMMA = YES;
				CLANG_WARN_CONSTANT_CONVERSION = YES;
				CLANG_WARN_DIRECT_OBJC_ISA_USAGE = YES_ERROR;
				CLANG_WARN_DOCUMENTATION_COMMENTS = YES;
				CLANG_WARN_EMPTY_BODY = YES;
				CLANG_WARN_ENUM_CONVERSION = YES;
				CLANG_WARN_INFINITE_RECURSION = YES;
				CLANG_WARN_INT_CONVERSION = YES;
				CLANG_WARN_NON_LITERAL_NULL_CONVERSION = YES;
				CLANG_WARN_OBJC_LITERAL_CONVERSION = YES;
				CLANG_WARN_OBJC_ROOT_CLASS = YES_ERROR;
				CLANG_WARN_RANGE_LOOP_ANALYSIS = YES;
				CLANG_WARN_STRICT_PROTOTYPES = YES;
				CLANG_WARN_SUSPICIOUS_MOVE = YES;
				CLANG_WARN_UNGUARDED_AVAILABILITY = YES_AGGRESSIVE;
				CLANG_WARN_UNREACHABLE_CODE = YES;
				CLANG_WARN__DUPLICATE_METHOD_MATCH = YES;
				CODE_SIGN_IDENTITY = "iPhone Developer";
				COPY_PHASE_STRIP = NO;
				DEBUG_INFORMATION_FORMAT = dwarf;
				ENABLE_STRICT_OBJC_MSGSEND = YES;
				ENABLE_TESTABILITY = YES;
				GCC_C_LANGUAGE_STANDARD = gnu11;
				GCC_DYNAMIC_NO_PIC = NO;
				GCC_NO_COMMON_BLOCKS = YES;
				GCC_OPTIMIZATION_LEVEL = 0;
				GCC_PREPROCESSOR_DEFINITIONS = (
					"DEBUG=1",
					"$(inherited)",
				);
				GCC_WARN_64_TO_32_BIT_CONVERSION = YES;
				GCC_WARN_ABOUT_RETURN_TYPE = YES_ERROR;
				GCC_WARN_UNDECLARED_SELECTOR = YES;
				GCC_WARN_UNINITIALIZED_AUTOS = YES_AGGRESSIVE;
				GCC_WARN_UNUSED_FUNCTION = YES;
				GCC_WARN_UNUSED_VARIABLE = YES;
				IPHONEOS_DEPLOYMENT_TARGET = 11.2;
				MTL_ENABLE_DEBUG_INFO = YES;
				ONLY_ACTIVE_ARCH = YES;
				SDKROOT = iphoneos;
				SWIFT_ACTIVE_COMPILATION_CONDITIONS = DEBUG;
				SWIFT_OPTIMIZATION_LEVEL = "-Onone";
			};
			name = Debug;
		};
		604443242033E6A70033597F /* Release */ = {
			isa = XCBuildConfiguration;
			buildSettings = {
				ALWAYS_SEARCH_USER_PATHS = NO;
				CLANG_ANALYZER_NONNULL = YES;
				CLANG_ANALYZER_NUMBER_OBJECT_CONVERSION = YES_AGGRESSIVE;
				CLANG_CXX_LANGUAGE_STANDARD = "gnu++14";
				CLANG_CXX_LIBRARY = "libc++";
				CLANG_ENABLE_MODULES = YES;
				CLANG_ENABLE_OBJC_ARC = YES;
				CLANG_WARN_BLOCK_CAPTURE_AUTORELEASING = YES;
				CLANG_WARN_BOOL_CONVERSION = YES;
				CLANG_WARN_COMMA = YES;
				CLANG_WARN_CONSTANT_CONVERSION = YES;
				CLANG_WARN_DIRECT_OBJC_ISA_USAGE = YES_ERROR;
				CLANG_WARN_DOCUMENTATION_COMMENTS = YES;
				CLANG_WARN_EMPTY_BODY = YES;
				CLANG_WARN_ENUM_CONVERSION = YES;
				CLANG_WARN_INFINITE_RECURSION = YES;
				CLANG_WARN_INT_CONVERSION = YES;
				CLANG_WARN_NON_LITERAL_NULL_CONVERSION = YES;
				CLANG_WARN_OBJC_LITERAL_CONVERSION = YES;
				CLANG_WARN_OBJC_ROOT_CLASS = YES_ERROR;
				CLANG_WARN_RANGE_LOOP_ANALYSIS = YES;
				CLANG_WARN_STRICT_PROTOTYPES = YES;
				CLANG_WARN_SUSPICIOUS_MOVE = YES;
				CLANG_WARN_UNGUARDED_AVAILABILITY = YES_AGGRESSIVE;
				CLANG_WARN_UNREACHABLE_CODE = YES;
				CLANG_WARN__DUPLICATE_METHOD_MATCH = YES;
				CODE_SIGN_IDENTITY = "iPhone Developer";
				COPY_PHASE_STRIP = NO;
				DEBUG_INFORMATION_FORMAT = "dwarf-with-dsym";
				ENABLE_NS_ASSERTIONS = NO;
				ENABLE_STRICT_OBJC_MSGSEND = YES;
				GCC_C_LANGUAGE_STANDARD = gnu11;
				GCC_NO_COMMON_BLOCKS = YES;
				GCC_WARN_64_TO_32_BIT_CONVERSION = YES;
				GCC_WARN_ABOUT_RETURN_TYPE = YES_ERROR;
				GCC_WARN_UNDECLARED_SELECTOR = YES;
				GCC_WARN_UNINITIALIZED_AUTOS = YES_AGGRESSIVE;
				GCC_WARN_UNUSED_FUNCTION = YES;
				GCC_WARN_UNUSED_VARIABLE = YES;
				IPHONEOS_DEPLOYMENT_TARGET = 11.2;
				MTL_ENABLE_DEBUG_INFO = NO;
				SDKROOT = iphoneos;
				SWIFT_OPTIMIZATION_LEVEL = "-Owholemodule";
				VALIDATE_PRODUCT = YES;
			};
			name = Release;
		};
		604443262033E6A70033597F /* Debug */ = {
			isa = XCBuildConfiguration;
			buildSettings = {
				ASSETCATALOG_COMPILER_APPICON_NAME = AppIcon;
				CODE_SIGN_STYLE = Automatic;
				DEVELOPMENT_TEAM = QF7RL9V7U3;
				INFOPLIST_FILE = CustomerRecords/Info.plist;
				LD_RUNPATH_SEARCH_PATHS = "$(inherited) @executable_path/Frameworks";
				PRODUCT_BUNDLE_IDENTIFIER = com.adromil.CustomerRecords;
				PRODUCT_NAME = "$(TARGET_NAME)";
				SWIFT_VERSION = 4.0;
				TARGETED_DEVICE_FAMILY = "1,2";
			};
			name = Debug;
		};
		604443272033E6A70033597F /* Release */ = {
			isa = XCBuildConfiguration;
			buildSettings = {
				ASSETCATALOG_COMPILER_APPICON_NAME = AppIcon;
				CODE_SIGN_STYLE = Automatic;
				DEVELOPMENT_TEAM = QF7RL9V7U3;
				INFOPLIST_FILE = CustomerRecords/Info.plist;
				LD_RUNPATH_SEARCH_PATHS = "$(inherited) @executable_path/Frameworks";
				PRODUCT_BUNDLE_IDENTIFIER = com.adromil.CustomerRecords;
				PRODUCT_NAME = "$(TARGET_NAME)";
				SWIFT_VERSION = 4.0;
				TARGETED_DEVICE_FAMILY = "1,2";
			};
			name = Release;
		};
/* End XCBuildConfiguration section */

/* Begin XCConfigurationList section */
		6044430E2033E6A70033597F /* Build configuration list for PBXProject "CustomerRecords" */ = {
			isa = XCConfigurationList;
			buildConfigurations = (
				604443232033E6A70033597F /* Debug */,
				604443242033E6A70033597F /* Release */,
			);
			defaultConfigurationIsVisible = 0;
			defaultConfigurationName = Release;
		};
		604443252033E6A70033597F /* Build configuration list for PBXNativeTarget "CustomerRecords" */ = {
			isa = XCConfigurationList;
			buildConfigurations = (
				604443262033E6A70033597F /* Debug */,
				604443272033E6A70033597F /* Release */,
			);
			defaultConfigurationIsVisible = 0;
			defaultConfigurationName = Release;
		};
/* End XCConfigurationList section */
	};
	rootObject = 6044430B2033E6A70033597F /* Project object */;
}
